// !$*UTF8*$!
{
	archiveVersion = 1;
	classes = {
	};
	objectVersion = 48;
	objects = {

/* Begin PBXBuildFile section */
		0A4DF8FB203E39CD00C9DA75 /* Constants.m in Sources */ = {isa = PBXBuildFile; fileRef = 0A4DF8FA203E39CD00C9DA75 /* Constants.m */; };
		0A4DF900203E41E300C9DA75 /* LaunchCell.m in Sources */ = {isa = PBXBuildFile; fileRef = 0A4DF8FF203E41E300C9DA75 /* LaunchCell.m */; };
		0A4DF906203E8BE200C9DA75 /* NSString+DateString.m in Sources */ = {isa = PBXBuildFile; fileRef = 0A4DF905203E8BE200C9DA75 /* NSString+DateString.m */; };
		0AC35548203CFD890039CCD4 /* AppDelegate.m in Sources */ = {isa = PBXBuildFile; fileRef = 0AC35547203CFD890039CCD4 /* AppDelegate.m */; };
		0AC3554B203CFD890039CCD4 /* ViewController.m in Sources */ = {isa = PBXBuildFile; fileRef = 0AC3554A203CFD890039CCD4 /* ViewController.m */; };
		0AC35550203CFD890039CCD4 /* Assets.xcassets in Resources */ = {isa = PBXBuildFile; fileRef = 0AC3554F203CFD890039CCD4 /* Assets.xcassets */; };
		0AC35553203CFD890039CCD4 /* LaunchScreen.storyboard in Resources */ = {isa = PBXBuildFile; fileRef = 0AC35551203CFD890039CCD4 /* LaunchScreen.storyboard */; };
		0AC35556203CFD8A0039CCD4 /* main.m in Sources */ = {isa = PBXBuildFile; fileRef = 0AC35555203CFD8A0039CCD4 /* main.m */; };
		0AC35560203CFD8A0039CCD4 /* JPMTests.m in Sources */ = {isa = PBXBuildFile; fileRef = 0AC3555F203CFD8A0039CCD4 /* JPMTests.m */; };
		0AC3556B203CFD8A0039CCD4 /* JPMUITests.m in Sources */ = {isa = PBXBuildFile; fileRef = 0AC3556A203CFD8A0039CCD4 /* JPMUITests.m */; };
		0AC35579203CFDA70039CCD4 /* Main.storyboard in Resources */ = {isa = PBXBuildFile; fileRef = 0AC35578203CFDA60039CCD4 /* Main.storyboard */; };
		0AC35582203D01720039CCD4 /* Launch.m in Sources */ = {isa = PBXBuildFile; fileRef = 0AC35581203D01720039CCD4 /* Launch.m */; };
		0AC35585203D05ED0039CCD4 /* Rocket.m in Sources */ = {isa = PBXBuildFile; fileRef = 0AC35584203D05ED0039CCD4 /* Rocket.m */; };
		2AF642675D39E1681E3B6800 /* libPods-JPM.a in Frameworks */ = {isa = PBXBuildFile; fileRef = A9044AD058BEB8D39560BD05 /* libPods-JPM.a */; };
		3DA617D5A0C58FB815EFB301 /* libPods-JPMUITests.a in Frameworks */ = {isa = PBXBuildFile; fileRef = 0A930B3916FAA4190E060423 /* libPods-JPMUITests.a */; };
		CEA6C823ADFA4BF8367999EF /* libPods-JPMTests.a in Frameworks */ = {isa = PBXBuildFile; fileRef = 3699178AB6174BD564E550A7 /* libPods-JPMTests.a */; };
/* End PBXBuildFile section */

/* Begin PBXContainerItemProxy section */
		0AC3555C203CFD8A0039CCD4 /* PBXContainerItemProxy */ = {
			isa = PBXContainerItemProxy;
			containerPortal = 0AC3553B203CFD890039CCD4 /* Project object */;
			proxyType = 1;
			remoteGlobalIDString = 0AC35542203CFD890039CCD4;
			remoteInfo = JPM;
		};
		0AC35567203CFD8A0039CCD4 /* PBXContainerItemProxy */ = {
			isa = PBXContainerItemProxy;
			containerPortal = 0AC3553B203CFD890039CCD4 /* Project object */;
			proxyType = 1;
			remoteGlobalIDString = 0AC35542203CFD890039CCD4;
			remoteInfo = JPM;
		};
/* End PBXContainerItemProxy section */

/* Begin PBXFileReference section */
		0A4DF8FA203E39CD00C9DA75 /* Constants.m */ = {isa = PBXFileReference; lastKnownFileType = sourcecode.c.objc; path = Constants.m; sourceTree = "<group>"; };
		0A4DF8FE203E41E300C9DA75 /* LaunchCell.h */ = {isa = PBXFileReference; lastKnownFileType = sourcecode.c.h; path = LaunchCell.h; sourceTree = "<group>"; };
		0A4DF8FF203E41E300C9DA75 /* LaunchCell.m */ = {isa = PBXFileReference; lastKnownFileType = sourcecode.c.objc; path = LaunchCell.m; sourceTree = "<group>"; };
		0A4DF904203E8BE200C9DA75 /* NSString+DateString.h */ = {isa = PBXFileReference; lastKnownFileType = sourcecode.c.h; path = "NSString+DateString.h"; sourceTree = "<group>"; };
		0A4DF905203E8BE200C9DA75 /* NSString+DateString.m */ = {isa = PBXFileReference; lastKnownFileType = sourcecode.c.objc; path = "NSString+DateString.m"; sourceTree = "<group>"; };
		0A930B3916FAA4190E060423 /* libPods-JPMUITests.a */ = {isa = PBXFileReference; explicitFileType = archive.ar; includeInIndex = 0; path = "libPods-JPMUITests.a"; sourceTree = BUILT_PRODUCTS_DIR; };
		0AC35543203CFD890039CCD4 /* JPM.app */ = {isa = PBXFileReference; explicitFileType = wrapper.application; includeInIndex = 0; path = JPM.app; sourceTree = BUILT_PRODUCTS_DIR; };
		0AC35546203CFD890039CCD4 /* AppDelegate.h */ = {isa = PBXFileReference; lastKnownFileType = sourcecode.c.h; path = AppDelegate.h; sourceTree = "<group>"; };
		0AC35547203CFD890039CCD4 /* AppDelegate.m */ = {isa = PBXFileReference; lastKnownFileType = sourcecode.c.objc; path = AppDelegate.m; sourceTree = "<group>"; };
		0AC35549203CFD890039CCD4 /* ViewController.h */ = {isa = PBXFileReference; lastKnownFileType = sourcecode.c.h; path = ViewController.h; sourceTree = "<group>"; };
		0AC3554A203CFD890039CCD4 /* ViewController.m */ = {isa = PBXFileReference; lastKnownFileType = sourcecode.c.objc; path = ViewController.m; sourceTree = "<group>"; };
		0AC3554F203CFD890039CCD4 /* Assets.xcassets */ = {isa = PBXFileReference; lastKnownFileType = folder.assetcatalog; path = Assets.xcassets; sourceTree = "<group>"; };
		0AC35552203CFD890039CCD4 /* Base */ = {isa = PBXFileReference; lastKnownFileType = file.storyboard; name = Base; path = Base.lproj/LaunchScreen.storyboard; sourceTree = "<group>"; };
		0AC35554203CFD8A0039CCD4 /* Info.plist */ = {isa = PBXFileReference; lastKnownFileType = text.plist.xml; path = Info.plist; sourceTree = "<group>"; };
		0AC35555203CFD8A0039CCD4 /* main.m */ = {isa = PBXFileReference; lastKnownFileType = sourcecode.c.objc; path = main.m; sourceTree = "<group>"; };
		0AC3555B203CFD8A0039CCD4 /* JPMTests.xctest */ = {isa = PBXFileReference; explicitFileType = wrapper.cfbundle; includeInIndex = 0; path = JPMTests.xctest; sourceTree = BUILT_PRODUCTS_DIR; };
		0AC3555F203CFD8A0039CCD4 /* JPMTests.m */ = {isa = PBXFileReference; lastKnownFileType = sourcecode.c.objc; path = JPMTests.m; sourceTree = "<group>"; };
		0AC35561203CFD8A0039CCD4 /* Info.plist */ = {isa = PBXFileReference; lastKnownFileType = text.plist.xml; path = Info.plist; sourceTree = "<group>"; };
		0AC35566203CFD8A0039CCD4 /* JPMUITests.xctest */ = {isa = PBXFileReference; explicitFileType = wrapper.cfbundle; includeInIndex = 0; path = JPMUITests.xctest; sourceTree = BUILT_PRODUCTS_DIR; };
		0AC3556A203CFD8A0039CCD4 /* JPMUITests.m */ = {isa = PBXFileReference; lastKnownFileType = sourcecode.c.objc; path = JPMUITests.m; sourceTree = "<group>"; };
		0AC3556C203CFD8A0039CCD4 /* Info.plist */ = {isa = PBXFileReference; lastKnownFileType = text.plist.xml; path = Info.plist; sourceTree = "<group>"; };
		0AC35578203CFDA60039CCD4 /* Main.storyboard */ = {isa = PBXFileReference; fileEncoding = 4; lastKnownFileType = file.storyboard; path = Main.storyboard; sourceTree = "<group>"; };
		0AC35580203D01720039CCD4 /* Launch.h */ = {isa = PBXFileReference; lastKnownFileType = sourcecode.c.h; path = Launch.h; sourceTree = "<group>"; };
		0AC35581203D01720039CCD4 /* Launch.m */ = {isa = PBXFileReference; lastKnownFileType = sourcecode.c.objc; path = Launch.m; sourceTree = "<group>"; };
		0AC35583203D05ED0039CCD4 /* Rocket.h */ = {isa = PBXFileReference; lastKnownFileType = sourcecode.c.h; path = Rocket.h; sourceTree = "<group>"; };
		0AC35584203D05ED0039CCD4 /* Rocket.m */ = {isa = PBXFileReference; lastKnownFileType = sourcecode.c.objc; path = Rocket.m; sourceTree = "<group>"; };
		3699178AB6174BD564E550A7 /* libPods-JPMTests.a */ = {isa = PBXFileReference; explicitFileType = archive.ar; includeInIndex = 0; path = "libPods-JPMTests.a"; sourceTree = BUILT_PRODUCTS_DIR; };
		384562D5BCC573BE835FD220 /* Pods-JPMUITests.release.xcconfig */ = {isa = PBXFileReference; includeInIndex = 1; lastKnownFileType = text.xcconfig; name = "Pods-JPMUITests.release.xcconfig"; path = "Pods/Target Support Files/Pods-JPMUITests/Pods-JPMUITests.release.xcconfig"; sourceTree = "<group>"; };
		3CA78933E1C339B5DF146118 /* Pods-JPMUITests.debug.xcconfig */ = {isa = PBXFileReference; includeInIndex = 1; lastKnownFileType = text.xcconfig; name = "Pods-JPMUITests.debug.xcconfig"; path = "Pods/Target Support Files/Pods-JPMUITests/Pods-JPMUITests.debug.xcconfig"; sourceTree = "<group>"; };
		540B486D53A0A36884D475B0 /* Pods-JPM.release.xcconfig */ = {isa = PBXFileReference; includeInIndex = 1; lastKnownFileType = text.xcconfig; name = "Pods-JPM.release.xcconfig"; path = "Pods/Target Support Files/Pods-JPM/Pods-JPM.release.xcconfig"; sourceTree = "<group>"; };
		A9044AD058BEB8D39560BD05 /* libPods-JPM.a */ = {isa = PBXFileReference; explicitFileType = archive.ar; includeInIndex = 0; path = "libPods-JPM.a"; sourceTree = BUILT_PRODUCTS_DIR; };
		BB4DA3302E1FAFBD226419DD /* Pods-JPMTests.debug.xcconfig */ = {isa = PBXFileReference; includeInIndex = 1; lastKnownFileType = text.xcconfig; name = "Pods-JPMTests.debug.xcconfig"; path = "Pods/Target Support Files/Pods-JPMTests/Pods-JPMTests.debug.xcconfig"; sourceTree = "<group>"; };
		DD3E76DCB0D7276E9F974701 /* Pods-JPMTests.release.xcconfig */ = {isa = PBXFileReference; includeInIndex = 1; lastKnownFileType = text.xcconfig; name = "Pods-JPMTests.release.xcconfig"; path = "Pods/Target Support Files/Pods-JPMTests/Pods-JPMTests.release.xcconfig"; sourceTree = "<group>"; };
		FD9C737C1ADEE3AAA07EF176 /* Pods-JPM.debug.xcconfig */ = {isa = PBXFileReference; includeInIndex = 1; lastKnownFileType = text.xcconfig; name = "Pods-JPM.debug.xcconfig"; path = "Pods/Target Support Files/Pods-JPM/Pods-JPM.debug.xcconfig"; sourceTree = "<group>"; };
/* End PBXFileReference section */

/* Begin PBXFrameworksBuildPhase section */
		0AC35540203CFD890039CCD4 /* Frameworks */ = {
			isa = PBXFrameworksBuildPhase;
			buildActionMask = 2147483647;
			files = (
				2AF642675D39E1681E3B6800 /* libPods-JPM.a in Frameworks */,
			);
			runOnlyForDeploymentPostprocessing = 0;
		};
		0AC35558203CFD8A0039CCD4 /* Frameworks */ = {
			isa = PBXFrameworksBuildPhase;
			buildActionMask = 2147483647;
			files = (
				CEA6C823ADFA4BF8367999EF /* libPods-JPMTests.a in Frameworks */,
			);
			runOnlyForDeploymentPostprocessing = 0;
		};
		0AC35563203CFD8A0039CCD4 /* Frameworks */ = {
			isa = PBXFrameworksBuildPhase;
			buildActionMask = 2147483647;
			files = (
				3DA617D5A0C58FB815EFB301 /* libPods-JPMUITests.a in Frameworks */,
			);
			runOnlyForDeploymentPostprocessing = 0;
		};
/* End PBXFrameworksBuildPhase section */

/* Begin PBXGroup section */
		0A4DF907203E8DCF00C9DA75 /* Object */ = {
			isa = PBXGroup;
			children = (
				0AC35580203D01720039CCD4 /* Launch.h */,
				0AC35581203D01720039CCD4 /* Launch.m */,
				0AC35583203D05ED0039CCD4 /* Rocket.h */,
				0AC35584203D05ED0039CCD4 /* Rocket.m */,
			);
			path = Object;
			sourceTree = "<group>";
		};
		0A4DF908203E8DEF00C9DA75 /* ViewControllers */ = {
			isa = PBXGroup;
			children = (
				0AC35549203CFD890039CCD4 /* ViewController.h */,
				0AC3554A203CFD890039CCD4 /* ViewController.m */,
			);
			path = ViewControllers;
			sourceTree = "<group>";
		};
		0A4DF909203E8E0500C9DA75 /* Utils */ = {
			isa = PBXGroup;
			children = (
				0A4DF904203E8BE200C9DA75 /* NSString+DateString.h */,
				0A4DF905203E8BE200C9DA75 /* NSString+DateString.m */,
				0A4DF8FA203E39CD00C9DA75 /* Constants.m */,
			);
			path = Utils;
			sourceTree = "<group>";
		};
		0AC3553A203CFD890039CCD4 = {
			isa = PBXGroup;
			children = (
				0AC35545203CFD890039CCD4 /* JPM */,
				0AC3555E203CFD8A0039CCD4 /* JPMTests */,
				0AC35569203CFD8A0039CCD4 /* JPMUITests */,
				0AC35544203CFD890039CCD4 /* Products */,
				F9DE752946181776D893FF3A /* Pods */,
				F16118A6590E811FCF15D91B /* Frameworks */,
			);
			sourceTree = "<group>";
		};
		0AC35544203CFD890039CCD4 /* Products */ = {
			isa = PBXGroup;
			children = (
				0AC35543203CFD890039CCD4 /* JPM.app */,
				0AC3555B203CFD8A0039CCD4 /* JPMTests.xctest */,
				0AC35566203CFD8A0039CCD4 /* JPMUITests.xctest */,
			);
			name = Products;
			sourceTree = "<group>";
		};
		0AC35545203CFD890039CCD4 /* JPM */ = {
			isa = PBXGroup;
			children = (
				0AC35546203CFD890039CCD4 /* AppDelegate.h */,
				0AC35547203CFD890039CCD4 /* AppDelegate.m */,
				0A4DF8FE203E41E300C9DA75 /* LaunchCell.h */,
				0A4DF8FF203E41E300C9DA75 /* LaunchCell.m */,
				0A4DF908203E8DEF00C9DA75 /* ViewControllers */,
				0A4DF907203E8DCF00C9DA75 /* Object */,
				0A4DF909203E8E0500C9DA75 /* Utils */,
				0AC35578203CFDA60039CCD4 /* Main.storyboard */,
				0AC3554F203CFD890039CCD4 /* Assets.xcassets */,
				0AC35551203CFD890039CCD4 /* LaunchScreen.storyboard */,
				0AC35554203CFD8A0039CCD4 /* Info.plist */,
				0AC35555203CFD8A0039CCD4 /* main.m */,
			);
			path = JPM;
			sourceTree = "<group>";
		};
		0AC3555E203CFD8A0039CCD4 /* JPMTests */ = {
			isa = PBXGroup;
			children = (
				0AC3555F203CFD8A0039CCD4 /* JPMTests.m */,
				0AC35561203CFD8A0039CCD4 /* Info.plist */,
			);
			path = JPMTests;
			sourceTree = "<group>";
		};
		0AC35569203CFD8A0039CCD4 /* JPMUITests */ = {
			isa = PBXGroup;
			children = (
				0AC3556A203CFD8A0039CCD4 /* JPMUITests.m */,
				0AC3556C203CFD8A0039CCD4 /* Info.plist */,
			);
			path = JPMUITests;
			sourceTree = "<group>";
		};
		F16118A6590E811FCF15D91B /* Frameworks */ = {
			isa = PBXGroup;
			children = (
				A9044AD058BEB8D39560BD05 /* libPods-JPM.a */,
				3699178AB6174BD564E550A7 /* libPods-JPMTests.a */,
				0A930B3916FAA4190E060423 /* libPods-JPMUITests.a */,
			);
			name = Frameworks;
			sourceTree = "<group>";
		};
		F9DE752946181776D893FF3A /* Pods */ = {
			isa = PBXGroup;
			children = (
				FD9C737C1ADEE3AAA07EF176 /* Pods-JPM.debug.xcconfig */,
				540B486D53A0A36884D475B0 /* Pods-JPM.release.xcconfig */,
				BB4DA3302E1FAFBD226419DD /* Pods-JPMTests.debug.xcconfig */,
				DD3E76DCB0D7276E9F974701 /* Pods-JPMTests.release.xcconfig */,
				3CA78933E1C339B5DF146118 /* Pods-JPMUITests.debug.xcconfig */,
				384562D5BCC573BE835FD220 /* Pods-JPMUITests.release.xcconfig */,
			);
			name = Pods;
			sourceTree = "<group>";
		};
/* End PBXGroup section */

/* Begin PBXNativeTarget section */
		0AC35542203CFD890039CCD4 /* JPM */ = {
			isa = PBXNativeTarget;
			buildConfigurationList = 0AC3556F203CFD8A0039CCD4 /* Build configuration list for PBXNativeTarget "JPM" */;
			buildPhases = (
				AD940F34C5951A49115D348D /* [CP] Check Pods Manifest.lock */,
				0AC3553F203CFD890039CCD4 /* Sources */,
				0AC35540203CFD890039CCD4 /* Frameworks */,
				0AC35541203CFD890039CCD4 /* Resources */,
				1B2AAF1E5682C80D57446431 /* [CP] Embed Pods Frameworks */,
				A3F3BC15CC4DDF68B686A209 /* [CP] Copy Pods Resources */,
			);
			buildRules = (
			);
			dependencies = (
			);
			name = JPM;
			productName = JPM;
			productReference = 0AC35543203CFD890039CCD4 /* JPM.app */;
			productType = "com.apple.product-type.application";
		};
		0AC3555A203CFD8A0039CCD4 /* JPMTests */ = {
			isa = PBXNativeTarget;
			buildConfigurationList = 0AC35572203CFD8A0039CCD4 /* Build configuration list for PBXNativeTarget "JPMTests" */;
			buildPhases = (
				968B4AECFAD0184A58C7E57C /* [CP] Check Pods Manifest.lock */,
				0AC35557203CFD8A0039CCD4 /* Sources */,
				0AC35558203CFD8A0039CCD4 /* Frameworks */,
				0AC35559203CFD8A0039CCD4 /* Resources */,
				329BC50824111F92432E2A7D /* [CP] Embed Pods Frameworks */,
				06A81C8810C8150F96D95E52 /* [CP] Copy Pods Resources */,
			);
			buildRules = (
			);
			dependencies = (
				0AC3555D203CFD8A0039CCD4 /* PBXTargetDependency */,
			);
			name = JPMTests;
			productName = JPMTests;
			productReference = 0AC3555B203CFD8A0039CCD4 /* JPMTests.xctest */;
			productType = "com.apple.product-type.bundle.unit-test";
		};
		0AC35565203CFD8A0039CCD4 /* JPMUITests */ = {
			isa = PBXNativeTarget;
			buildConfigurationList = 0AC35575203CFD8A0039CCD4 /* Build configuration list for PBXNativeTarget "JPMUITests" */;
			buildPhases = (
				0BEBBBF3C03834A4557AA3D8 /* [CP] Check Pods Manifest.lock */,
				0AC35562203CFD8A0039CCD4 /* Sources */,
				0AC35563203CFD8A0039CCD4 /* Frameworks */,
				0AC35564203CFD8A0039CCD4 /* Resources */,
				C52609960FE25282CF507B4F /* [CP] Embed Pods Frameworks */,
				70D4A95835FD7BEF5608D5AD /* [CP] Copy Pods Resources */,
			);
			buildRules = (
			);
			dependencies = (
				0AC35568203CFD8A0039CCD4 /* PBXTargetDependency */,
			);
			name = JPMUITests;
			productName = JPMUITests;
			productReference = 0AC35566203CFD8A0039CCD4 /* JPMUITests.xctest */;
			productType = "com.apple.product-type.bundle.ui-testing";
		};
/* End PBXNativeTarget section */

/* Begin PBXProject section */
		0AC3553B203CFD890039CCD4 /* Project object */ = {
			isa = PBXProject;
			attributes = {
				LastUpgradeCheck = 0920;
				ORGANIZATIONNAME = Kevin;
				TargetAttributes = {
					0AC35542203CFD890039CCD4 = {
						CreatedOnToolsVersion = 9.2;
						ProvisioningStyle = Automatic;
					};
					0AC3555A203CFD8A0039CCD4 = {
						CreatedOnToolsVersion = 9.2;
						ProvisioningStyle = Automatic;
						TestTargetID = 0AC35542203CFD890039CCD4;
					};
					0AC35565203CFD8A0039CCD4 = {
						CreatedOnToolsVersion = 9.2;
						ProvisioningStyle = Automatic;
						TestTargetID = 0AC35542203CFD890039CCD4;
					};
				};
			};
			buildConfigurationList = 0AC3553E203CFD890039CCD4 /* Build configuration list for PBXProject "JPM" */;
			compatibilityVersion = "Xcode 8.0";
			developmentRegion = en;
			hasScannedForEncodings = 0;
			knownRegions = (
				en,
				Base,
			);
			mainGroup = 0AC3553A203CFD890039CCD4;
			productRefGroup = 0AC35544203CFD890039CCD4 /* Products */;
			projectDirPath = "";
			projectRoot = "";
			targets = (
				0AC35542203CFD890039CCD4 /* JPM */,
				0AC3555A203CFD8A0039CCD4 /* JPMTests */,
				0AC35565203CFD8A0039CCD4 /* JPMUITests */,
			);
		};
/* End PBXProject section */

/* Begin PBXResourcesBuildPhase section */
		0AC35541203CFD890039CCD4 /* Resources */ = {
			isa = PBXResourcesBuildPhase;
			buildActionMask = 2147483647;
			files = (
				0AC35553203CFD890039CCD4 /* LaunchScreen.storyboard in Resources */,
				0AC35550203CFD890039CCD4 /* Assets.xcassets in Resources */,
				0AC35579203CFDA70039CCD4 /* Main.storyboard in Resources */,
			);
			runOnlyForDeploymentPostprocessing = 0;
		};
		0AC35559203CFD8A0039CCD4 /* Resources */ = {
			isa = PBXResourcesBuildPhase;
			buildActionMask = 2147483647;
			files = (
			);
			runOnlyForDeploymentPostprocessing = 0;
		};
		0AC35564203CFD8A0039CCD4 /* Resources */ = {
			isa = PBXResourcesBuildPhase;
			buildActionMask = 2147483647;
			files = (
			);
			runOnlyForDeploymentPostprocessing = 0;
		};
/* End PBXResourcesBuildPhase section */

/* Begin PBXShellScriptBuildPhase section */
		06A81C8810C8150F96D95E52 /* [CP] Copy Pods Resources */ = {
			isa = PBXShellScriptBuildPhase;
			buildActionMask = 2147483647;
			files = (
			);
			inputPaths = (
			);
			name = "[CP] Copy Pods Resources";
			outputPaths = (
			);
			runOnlyForDeploymentPostprocessing = 0;
			shellPath = /bin/sh;
			shellScript = "\"${SRCROOT}/Pods/Target Support Files/Pods-JPMTests/Pods-JPMTests-resources.sh\"\n";
			showEnvVarsInLog = 0;
		};
		0BEBBBF3C03834A4557AA3D8 /* [CP] Check Pods Manifest.lock */ = {
			isa = PBXShellScriptBuildPhase;
			buildActionMask = 2147483647;
			files = (
			);
			inputPaths = (
				"${PODS_PODFILE_DIR_PATH}/Podfile.lock",
				"${PODS_ROOT}/Manifest.lock",
			);
			name = "[CP] Check Pods Manifest.lock";
			outputPaths = (
				"$(DERIVED_FILE_DIR)/Pods-JPMUITests-checkManifestLockResult.txt",
			);
			runOnlyForDeploymentPostprocessing = 0;
			shellPath = /bin/sh;
			shellScript = "diff \"${PODS_PODFILE_DIR_PATH}/Podfile.lock\" \"${PODS_ROOT}/Manifest.lock\" > /dev/null\nif [ $? != 0 ] ; then\n    # print error to STDERR\n    echo \"error: The sandbox is not in sync with the Podfile.lock. Run 'pod install' or update your CocoaPods installation.\" >&2\n    exit 1\nfi\n# This output is used by Xcode 'outputs' to avoid re-running this script phase.\necho \"SUCCESS\" > \"${SCRIPT_OUTPUT_FILE_0}\"\n";
			showEnvVarsInLog = 0;
		};
		1B2AAF1E5682C80D57446431 /* [CP] Embed Pods Frameworks */ = {
			isa = PBXShellScriptBuildPhase;
			buildActionMask = 2147483647;
			files = (
			);
			inputPaths = (
			);
			name = "[CP] Embed Pods Frameworks";
			outputPaths = (
			);
			runOnlyForDeploymentPostprocessing = 0;
			shellPath = /bin/sh;
			shellScript = "\"${SRCROOT}/Pods/Target Support Files/Pods-JPM/Pods-JPM-frameworks.sh\"\n";
			showEnvVarsInLog = 0;
		};
		329BC50824111F92432E2A7D /* [CP] Embed Pods Frameworks */ = {
			isa = PBXShellScriptBuildPhase;
			buildActionMask = 2147483647;
			files = (
			);
			inputPaths = (
			);
			name = "[CP] Embed Pods Frameworks";
			outputPaths = (
			);
			runOnlyForDeploymentPostprocessing = 0;
			shellPath = /bin/sh;
			shellScript = "\"${SRCROOT}/Pods/Target Support Files/Pods-JPMTests/Pods-JPMTests-frameworks.sh\"\n";
			showEnvVarsInLog = 0;
		};
		70D4A95835FD7BEF5608D5AD /* [CP] Copy Pods Resources */ = {
			isa = PBXShellScriptBuildPhase;
			buildActionMask = 2147483647;
			files = (
			);
			inputPaths = (
			);
			name = "[CP] Copy Pods Resources";
			outputPaths = (
			);
			runOnlyForDeploymentPostprocessing = 0;
			shellPath = /bin/sh;
			shellScript = "\"${SRCROOT}/Pods/Target Support Files/Pods-JPMUITests/Pods-JPMUITests-resources.sh\"\n";
			showEnvVarsInLog = 0;
		};
		968B4AECFAD0184A58C7E57C /* [CP] Check Pods Manifest.lock */ = {
			isa = PBXShellScriptBuildPhase;
			buildActionMask = 2147483647;
			files = (
			);
			inputPaths = (
				"${PODS_PODFILE_DIR_PATH}/Podfile.lock",
				"${PODS_ROOT}/Manifest.lock",
			);
			name = "[CP] Check Pods Manifest.lock";
			outputPaths = (
				"$(DERIVED_FILE_DIR)/Pods-JPMTests-checkManifestLockResult.txt",
			);
			runOnlyForDeploymentPostprocessing = 0;
			shellPath = /bin/sh;
			shellScript = "diff \"${PODS_PODFILE_DIR_PATH}/Podfile.lock\" \"${PODS_ROOT}/Manifest.lock\" > /dev/null\nif [ $? != 0 ] ; then\n    # print error to STDERR\n    echo \"error: The sandbox is not in sync with the Podfile.lock. Run 'pod install' or update your CocoaPods installation.\" >&2\n    exit 1\nfi\n# This output is used by Xcode 'outputs' to avoid re-running this script phase.\necho \"SUCCESS\" > \"${SCRIPT_OUTPUT_FILE_0}\"\n";
			showEnvVarsInLog = 0;
		};
		A3F3BC15CC4DDF68B686A209 /* [CP] Copy Pods Resources */ = {
			isa = PBXShellScriptBuildPhase;
			buildActionMask = 2147483647;
			files = (
			);
			inputPaths = (
			);
			name = "[CP] Copy Pods Resources";
			outputPaths = (
			);
			runOnlyForDeploymentPostprocessing = 0;
			shellPath = /bin/sh;
			shellScript = "\"${SRCROOT}/Pods/Target Support Files/Pods-JPM/Pods-JPM-resources.sh\"\n";
			showEnvVarsInLog = 0;
		};
		AD940F34C5951A49115D348D /* [CP] Check Pods Manifest.lock */ = {
			isa = PBXShellScriptBuildPhase;
			buildActionMask = 2147483647;
			files = (
			);
			inputPaths = (
				"${PODS_PODFILE_DIR_PATH}/Podfile.lock",
				"${PODS_ROOT}/Manifest.lock",
			);
			name = "[CP] Check Pods Manifest.lock";
			outputPaths = (
				"$(DERIVED_FILE_DIR)/Pods-JPM-checkManifestLockResult.txt",
			);
			runOnlyForDeploymentPostprocessing = 0;
			shellPath = /bin/sh;
			shellScript = "diff \"${PODS_PODFILE_DIR_PATH}/Podfile.lock\" \"${PODS_ROOT}/Manifest.lock\" > /dev/null\nif [ $? != 0 ] ; then\n    # print error to STDERR\n    echo \"error: The sandbox is not in sync with the Podfile.lock. Run 'pod install' or update your CocoaPods installation.\" >&2\n    exit 1\nfi\n# This output is used by Xcode 'outputs' to avoid re-running this script phase.\necho \"SUCCESS\" > \"${SCRIPT_OUTPUT_FILE_0}\"\n";
			showEnvVarsInLog = 0;
		};
		C52609960FE25282CF507B4F /* [CP] Embed Pods Frameworks */ = {
			isa = PBXShellScriptBuildPhase;
			buildActionMask = 2147483647;
			files = (
			);
			inputPaths = (
			);
			name = "[CP] Embed Pods Frameworks";
			outputPaths = (
			);
			runOnlyForDeploymentPostprocessing = 0;
			shellPath = /bin/sh;
			shellScript = "\"${SRCROOT}/Pods/Target Support Files/Pods-JPMUITests/Pods-JPMUITests-frameworks.sh\"\n";
			showEnvVarsInLog = 0;
		};
/* End PBXShellScriptBuildPhase section */

/* Begin PBXSourcesBuildPhase section */
		0AC3553F203CFD890039CCD4 /* Sources */ = {
			isa = PBXSourcesBuildPhase;
			buildActionMask = 2147483647;
			files = (
				0AC35585203D05ED0039CCD4 /* Rocket.m in Sources */,
				0AC3554B203CFD890039CCD4 /* ViewController.m in Sources */,
				0A4DF900203E41E300C9DA75 /* LaunchCell.m in Sources */,
				0AC35556203CFD8A0039CCD4 /* main.m in Sources */,
				0AC35548203CFD890039CCD4 /* AppDelegate.m in Sources */,
				0A4DF8FB203E39CD00C9DA75 /* Constants.m in Sources */,
				0A4DF906203E8BE200C9DA75 /* NSString+DateString.m in Sources */,
				0AC35582203D01720039CCD4 /* Launch.m in Sources */,
			);
			runOnlyForDeploymentPostprocessing = 0;
		};
		0AC35557203CFD8A0039CCD4 /* Sources */ = {
			isa = PBXSourcesBuildPhase;
			buildActionMask = 2147483647;
			files = (
				0AC35560203CFD8A0039CCD4 /* JPMTests.m in Sources */,
			);
			runOnlyForDeploymentPostprocessing = 0;
		};
		0AC35562203CFD8A0039CCD4 /* Sources */ = {
			isa = PBXSourcesBuildPhase;
			buildActionMask = 2147483647;
			files = (
				0AC3556B203CFD8A0039CCD4 /* JPMUITests.m in Sources */,
			);
			runOnlyForDeploymentPostprocessing = 0;
		};
/* End PBXSourcesBuildPhase section */

/* Begin PBXTargetDependency section */
		0AC3555D203CFD8A0039CCD4 /* PBXTargetDependency */ = {
			isa = PBXTargetDependency;
			target = 0AC35542203CFD890039CCD4 /* JPM */;
			targetProxy = 0AC3555C203CFD8A0039CCD4 /* PBXContainerItemProxy */;
		};
		0AC35568203CFD8A0039CCD4 /* PBXTargetDependency */ = {
			isa = PBXTargetDependency;
			target = 0AC35542203CFD890039CCD4 /* JPM */;
			targetProxy = 0AC35567203CFD8A0039CCD4 /* PBXContainerItemProxy */;
		};
/* End PBXTargetDependency section */

/* Begin PBXVariantGroup section */
		0AC35551203CFD890039CCD4 /* LaunchScreen.storyboard */ = {
			isa = PBXVariantGroup;
			children = (
				0AC35552203CFD890039CCD4 /* Base */,
			);
			name = LaunchScreen.storyboard;
			sourceTree = "<group>";
		};
/* End PBXVariantGroup section */

/* Begin XCBuildConfiguration section */
		0AC3556D203CFD8A0039CCD4 /* Debug */ = {
			isa = XCBuildConfiguration;
			buildSettings = {
				ALWAYS_SEARCH_USER_PATHS = NO;
				CLANG_ANALYZER_NONNULL = YES;
				CLANG_ANALYZER_NUMBER_OBJECT_CONVERSION = YES_AGGRESSIVE;
				CLANG_CXX_LANGUAGE_STANDARD = "gnu++14";
				CLANG_CXX_LIBRARY = "libc++";
				CLANG_ENABLE_MODULES = YES;
				CLANG_ENABLE_OBJC_ARC = YES;
				CLANG_WARN_BLOCK_CAPTURE_AUTORELEASING = YES;
				CLANG_WARN_BOOL_CONVERSION = YES;
				CLANG_WARN_COMMA = YES;
				CLANG_WARN_CONSTANT_CONVERSION = YES;
				CLANG_WARN_DIRECT_OBJC_ISA_USAGE = YES_ERROR;
				CLANG_WARN_DOCUMENTATION_COMMENTS = YES;
				CLANG_WARN_EMPTY_BODY = YES;
				CLANG_WARN_ENUM_CONVERSION = YES;
				CLANG_WARN_INFINITE_RECURSION = YES;
				CLANG_WARN_INT_CONVERSION = YES;
				CLANG_WARN_NON_LITERAL_NULL_CONVERSION = YES;
				CLANG_WARN_OBJC_LITERAL_CONVERSION = YES;
				CLANG_WARN_OBJC_ROOT_CLASS = YES_ERROR;
				CLANG_WARN_RANGE_LOOP_ANALYSIS = YES;
				CLANG_WARN_STRICT_PROTOTYPES = YES;
				CLANG_WARN_SUSPICIOUS_MOVE = YES;
				CLANG_WARN_UNGUARDED_AVAILABILITY = YES_AGGRESSIVE;
				CLANG_WARN_UNREACHABLE_CODE = YES;
				CLANG_WARN__DUPLICATE_METHOD_MATCH = YES;
				CODE_SIGN_IDENTITY = "iPhone Developer";
				COPY_PHASE_STRIP = NO;
				DEBUG_INFORMATION_FORMAT = dwarf;
				ENABLE_STRICT_OBJC_MSGSEND = YES;
				ENABLE_TESTABILITY = YES;
				GCC_C_LANGUAGE_STANDARD = gnu11;
				GCC_DYNAMIC_NO_PIC = NO;
				GCC_NO_COMMON_BLOCKS = YES;
				GCC_OPTIMIZATION_LEVEL = 0;
				GCC_PREPROCESSOR_DEFINITIONS = (
					"DEBUG=1",
					"$(inherited)",
				);
				GCC_WARN_64_TO_32_BIT_CONVERSION = YES;
				GCC_WARN_ABOUT_RETURN_TYPE = YES_ERROR;
				GCC_WARN_UNDECLARED_SELECTOR = YES;
				GCC_WARN_UNINITIALIZED_AUTOS = YES_AGGRESSIVE;
				GCC_WARN_UNUSED_FUNCTION = YES;
				GCC_WARN_UNUSED_VARIABLE = YES;
				IPHONEOS_DEPLOYMENT_TARGET = 11.2;
				MTL_ENABLE_DEBUG_INFO = YES;
				ONLY_ACTIVE_ARCH = YES;
				SDKROOT = iphoneos;
			};
			name = Debug;
		};
		0AC3556E203CFD8A0039CCD4 /* Release */ = {
			isa = XCBuildConfiguration;
			buildSettings = {
				ALWAYS_SEARCH_USER_PATHS = NO;
				CLANG_ANALYZER_NONNULL = YES;
				CLANG_ANALYZER_NUMBER_OBJECT_CONVERSION = YES_AGGRESSIVE;
				CLANG_CXX_LANGUAGE_STANDARD = "gnu++14";
				CLANG_CXX_LIBRARY = "libc++";
				CLANG_ENABLE_MODULES = YES;
				CLANG_ENABLE_OBJC_ARC = YES;
				CLANG_WARN_BLOCK_CAPTURE_AUTORELEASING = YES;
				CLANG_WARN_BOOL_CONVERSION = YES;
				CLANG_WARN_COMMA = YES;
				CLANG_WARN_CONSTANT_CONVERSION = YES;
				CLANG_WARN_DIRECT_OBJC_ISA_USAGE = YES_ERROR;
				CLANG_WARN_DOCUMENTATION_COMMENTS = YES;
				CLANG_WARN_EMPTY_BODY = YES;
				CLANG_WARN_ENUM_CONVERSION = YES;
				CLANG_WARN_INFINITE_RECURSION = YES;
				CLANG_WARN_INT_CONVERSION = YES;
				CLANG_WARN_NON_LITERAL_NULL_CONVERSION = YES;
				CLANG_WARN_OBJC_LITERAL_CONVERSION = YES;
				CLANG_WARN_OBJC_ROOT_CLASS = YES_ERROR;
				CLANG_WARN_RANGE_LOOP_ANALYSIS = YES;
				CLANG_WARN_STRICT_PROTOTYPES = YES;
				CLANG_WARN_SUSPICIOUS_MOVE = YES;
				CLANG_WARN_UNGUARDED_AVAILABILITY = YES_AGGRESSIVE;
				CLANG_WARN_UNREACHABLE_CODE = YES;
				CLANG_WARN__DUPLICATE_METHOD_MATCH = YES;
				CODE_SIGN_IDENTITY = "iPhone Developer";
				COPY_PHASE_STRIP = NO;
				DEBUG_INFORMATION_FORMAT = "dwarf-with-dsym";
				ENABLE_NS_ASSERTIONS = NO;
				ENABLE_STRICT_OBJC_MSGSEND = YES;
				GCC_C_LANGUAGE_STANDARD = gnu11;
				GCC_NO_COMMON_BLOCKS = YES;
				GCC_WARN_64_TO_32_BIT_CONVERSION = YES;
				GCC_WARN_ABOUT_RETURN_TYPE = YES_ERROR;
				GCC_WARN_UNDECLARED_SELECTOR = YES;
				GCC_WARN_UNINITIALIZED_AUTOS = YES_AGGRESSIVE;
				GCC_WARN_UNUSED_FUNCTION = YES;
				GCC_WARN_UNUSED_VARIABLE = YES;
				IPHONEOS_DEPLOYMENT_TARGET = 11.2;
				MTL_ENABLE_DEBUG_INFO = NO;
				SDKROOT = iphoneos;
				VALIDATE_PRODUCT = YES;
			};
			name = Release;
		};
		0AC35570203CFD8A0039CCD4 /* Debug */ = {
			isa = XCBuildConfiguration;
			baseConfigurationReference = FD9C737C1ADEE3AAA07EF176 /* Pods-JPM.debug.xcconfig */;
			buildSettings = {
				ASSETCATALOG_COMPILER_APPICON_NAME = AppIcon;
				CODE_SIGN_STYLE = Automatic;
				DEVELOPMENT_TEAM = 35X8H8LQXF;
				INFOPLIST_FILE = JPM/Info.plist;
				LD_RUNPATH_SEARCH_PATHS = "$(inherited) @executable_path/Frameworks";
				PRODUCT_BUNDLE_IDENTIFIER = Kevin.JPM;
				PRODUCT_NAME = "$(TARGET_NAME)";
				TARGETED_DEVICE_FAMILY = "1,2";
			};
			name = Debug;
		};
		0AC35571203CFD8A0039CCD4 /* Release */ = {
			isa = XCBuildConfiguration;
			baseConfigurationReference = 540B486D53A0A36884D475B0 /* Pods-JPM.release.xcconfig */;
			buildSettings = {
				ASSETCATALOG_COMPILER_APPICON_NAME = AppIcon;
				CODE_SIGN_STYLE = Automatic;
				DEVELOPMENT_TEAM = 35X8H8LQXF;
				INFOPLIST_FILE = JPM/Info.plist;
				LD_RUNPATH_SEARCH_PATHS = "$(inherited) @executable_path/Frameworks";
				PRODUCT_BUNDLE_IDENTIFIER = Kevin.JPM;
				PRODUCT_NAME = "$(TARGET_NAME)";
				TARGETED_DEVICE_FAMILY = "1,2";
			};
			name = Release;
		};
		0AC35573203CFD8A0039CCD4 /* Debug */ = {
			isa = XCBuildConfiguration;
			baseConfigurationReference = BB4DA3302E1FAFBD226419DD /* Pods-JPMTests.debug.xcconfig */;
			buildSettings = {
				BUNDLE_LOADER = "$(TEST_HOST)";
				CODE_SIGN_STYLE = Automatic;
				DEVELOPMENT_TEAM = 35X8H8LQXF;
				INFOPLIST_FILE = JPMTests/Info.plist;
				LD_RUNPATH_SEARCH_PATHS = "$(inherited) @executable_path/Frameworks @loader_path/Frameworks";
				PRODUCT_BUNDLE_IDENTIFIER = Kevin.JPMTests;
				PRODUCT_NAME = "$(TARGET_NAME)";
				TARGETED_DEVICE_FAMILY = "1,2";
				TEST_HOST = "$(BUILT_PRODUCTS_DIR)/JPM.app/JPM";
			};
			name = Debug;
		};
		0AC35574203CFD8A0039CCD4 /* Release */ = {
			isa = XCBuildConfiguration;
			baseConfigurationReference = DD3E76DCB0D7276E9F974701 /* Pods-JPMTests.release.xcconfig */;
			buildSettings = {
				BUNDLE_LOADER = "$(TEST_HOST)";
				CODE_SIGN_STYLE = Automatic;
				DEVELOPMENT_TEAM = 35X8H8LQXF;
				INFOPLIST_FILE = JPMTests/Info.plist;
				LD_RUNPATH_SEARCH_PATHS = "$(inherited) @executable_path/Frameworks @loader_path/Frameworks";
				PRODUCT_BUNDLE_IDENTIFIER = Kevin.JPMTests;
				PRODUCT_NAME = "$(TARGET_NAME)";
				TARGETED_DEVICE_FAMILY = "1,2";
				TEST_HOST = "$(BUILT_PRODUCTS_DIR)/JPM.app/JPM";
			};
			name = Release;
		};
		0AC35576203CFD8A0039CCD4 /* Debug */ = {
			isa = XCBuildConfiguration;
			baseConfigurationReference = 3CA78933E1C339B5DF146118 /* Pods-JPMUITests.debug.xcconfig */;
			buildSettings = {
				CODE_SIGN_STYLE = Automatic;
				DEVELOPMENT_TEAM = 35X8H8LQXF;
				INFOPLIST_FILE = JPMUITests/Info.plist;
				LD_RUNPATH_SEARCH_PATHS = "$(inherited) @executable_path/Frameworks @loader_path/Frameworks";
				PRODUCT_BUNDLE_IDENTIFIER = Kevin.JPMUITests;
				PRODUCT_NAME = "$(TARGET_NAME)";
				TARGETED_DEVICE_FAMILY = "1,2";
				TEST_TARGET_NAME = JPM;
			};
			name = Debug;
		};
		0AC35577203CFD8A0039CCD4 /* Release */ = {
			isa = XCBuildConfiguration;
			baseConfigurationReference = 384562D5BCC573BE835FD220 /* Pods-JPMUITests.release.xcconfig */;
			buildSettings = {
				CODE_SIGN_STYLE = Automatic;
				DEVELOPMENT_TEAM = 35X8H8LQXF;
				INFOPLIST_FILE = JPMUITests/Info.plist;
				LD_RUNPATH_SEARCH_PATHS = "$(inherited) @executable_path/Frameworks @loader_path/Frameworks";
				PRODUCT_BUNDLE_IDENTIFIER = Kevin.JPMUITests;
				PRODUCT_NAME = "$(TARGET_NAME)";
				TARGETED_DEVICE_FAMILY = "1,2";
				TEST_TARGET_NAME = JPM;
			};
			name = Release;
		};
/* End XCBuildConfiguration section */

/* Begin XCConfigurationList section */
		0AC3553E203CFD890039CCD4 /* Build configuration list for PBXProject "JPM" */ = {
			isa = XCConfigurationList;
			buildConfigurations = (
				0AC3556D203CFD8A0039CCD4 /* Debug */,
				0AC3556E203CFD8A0039CCD4 /* Release */,
			);
			defaultConfigurationIsVisible = 0;
			defaultConfigurationName = Release;
		};
		0AC3556F203CFD8A0039CCD4 /* Build configuration list for PBXNativeTarget "JPM" */ = {
			isa = XCConfigurationList;
			buildConfigurations = (
				0AC35570203CFD8A0039CCD4 /* Debug */,
				0AC35571203CFD8A0039CCD4 /* Release */,
			);
			defaultConfigurationIsVisible = 0;
			defaultConfigurationName = Release;
		};
		0AC35572203CFD8A0039CCD4 /* Build configuration list for PBXNativeTarget "JPMTests" */ = {
			isa = XCConfigurationList;
			buildConfigurations = (
				0AC35573203CFD8A0039CCD4 /* Debug */,
				0AC35574203CFD8A0039CCD4 /* Release */,
			);
			defaultConfigurationIsVisible = 0;
			defaultConfigurationName = Release;
		};
		0AC35575203CFD8A0039CCD4 /* Build configuration list for PBXNativeTarget "JPMUITests" */ = {
			isa = XCConfigurationList;
			buildConfigurations = (
				0AC35576203CFD8A0039CCD4 /* Debug */,
				0AC35577203CFD8A0039CCD4 /* Release */,
			);
			defaultConfigurationIsVisible = 0;
			defaultConfigurationName = Release;
		};
/* End XCConfigurationList section */
	};
	rootObject = 0AC3553B203CFD890039CCD4 /* Project object */;
}
